lockfileVersion: '6.0'

settings:
  autoInstallPeers: true
  excludeLinksFromLockfile: false

devDependencies:
  '@hyperupcall/markdownlint-config':
    specifier: ^0.3.2
    version: 0.3.2
  '@hyperupcall/prettier-config':
    specifier: ^0.7.0
    version: 0.7.0
  fox-css:
    specifier: ^0.14.0
    version: 0.14.0
  markdownlint:
    specifier: ^0.33.0
    version: 0.33.0
  prettier:
    specifier: ^3.2.2
    version: 3.2.2
  prettier-plugin-pkg:
    specifier: ^0.18.0
    version: 0.18.0(prettier@3.2.2)

packages:

  /@hyperupcall/markdownlint-config@0.3.2:
    resolution: {integrity: sha512-BkvE6lGDg7KmpEz4rEKxlspsuPgU1g+8cx4pMkp6Do0H1wTz4pocXIFnBO7OQofY/pQxhvAyGZvhxaPg0h4EqQ==}
    dev: true

  /@hyperupcall/prettier-config@0.7.0:
    resolution: {integrity: sha512-k5Ess4PGr1+GdTyJEKOqk2ToUEYvvW076Ini6boRDxq5L9f2fnHAiFjCSo1cQ86LGBZBA7IKI1FubTbGB7fhJw==}
    dev: true

  /argparse@2.0.1:
    resolution: {integrity: sha512-8+9WqebbFzpX9OR+Wa6O29asIogeRMzcGtAINdpMHHyAg10f05aSFVBbcEqGf/PXw1EjAZ+q2/bEBg3DvurK3Q==}
    dev: true

  /entities@4.5.0:
    resolution: {integrity: sha512-V0hjH4dGPh9Ao5p0MoRY6BVqtwCjhz6vI5LT8AJ55H+4g9/4vbHx1I54fS0XuclLhDHArPQCiMjDxjaL8fPxhw==}
    engines: {node: '>=0.12'}
    dev: true

  /fox-css@0.14.0:
    resolution: {integrity: sha512-1HzlLzzq5Z0EKL+4E9oWidyovHTDLmJBgKcWw4eSWSq0bAGsTUwyQCAjeTi0if9ETjFP2MSZnfDPZ4gq15TssQ==}
    engines: {node: '>=18'}
    dev: true

  /linkify-it@5.0.0:
    resolution: {integrity: sha512-5aHCbzQRADcdP+ATqnDuhhJ/MRIqDkZX5pyjFHRRysS8vZ5AbqGEoFIb6pYHPZ+L/OC2Lc+xT8uHVVR5CAK/wQ==}
    dependencies:
      uc.micro: 2.0.0
    dev: true

  /markdown-it@14.0.0:
    resolution: {integrity: sha512-seFjF0FIcPt4P9U39Bq1JYblX0KZCjDLFFQPHpL5AzHpqPEKtosxmdq/LTVZnjfH7tjt9BxStm+wXcDBNuYmzw==}
    hasBin: true
    dependencies:
      argparse: 2.0.1
      entities: 4.5.0
      linkify-it: 5.0.0
      mdurl: 2.0.0
      punycode.js: 2.3.1
      uc.micro: 2.0.0
    dev: true

  /markdownlint-micromark@0.1.8:
    resolution: {integrity: sha512-1ouYkMRo9/6gou9gObuMDnvZM8jC/ly3QCFQyoSPCS2XV1ZClU0xpKbL1Ar3bWWRT1RnBZkWUEiNKrI2CwiBQA==}
    engines: {node: '>=16'}
    dev: true

  /markdownlint@0.33.0:
    resolution: {integrity: sha512-4lbtT14A3m0LPX1WS/3d1m7Blg+ZwiLq36WvjQqFGsX3Gik99NV+VXp/PW3n+Q62xyPdbvGOCfjPqjW+/SKMig==}
    engines: {node: '>=18'}
    dependencies:
      markdown-it: 14.0.0
      markdownlint-micromark: 0.1.8
    dev: true

  /mdurl@2.0.0:
    resolution: {integrity: sha512-Lf+9+2r+Tdp5wXDXC4PcIBjTDtq4UKjCPMQhKIuzpJNW0b96kVqSwW0bT7FhRSfmAiFYgP+SCRvdrDozfh0U5w==}
    dev: true

  /prettier-plugin-pkg@0.18.0(prettier@3.2.2):
    resolution: {integrity: sha512-cme+OUHj25cVj3HwGK6ek/GkCHhlhM1u/IYspOHYsFImaXMJCmjs8xeCcvLreD0HMX5QxObot+3TtQR3Bd2wHw==}
    engines: {node: ^14.18.0 || >=16.0.0}
    peerDependencies:
      prettier: ^3.0.0
    dependencies:
      prettier: 3.2.2
    dev: true

  /prettier@3.2.2:
    resolution: {integrity: sha512-HTByuKZzw7utPiDO523Tt2pLtEyK7OibUD9suEJQrPUCYQqrHr74GGX6VidMrovbf/I50mPqr8j/II6oBAuc5A==}
    engines: {node: '>=14'}
    hasBin: true
    dev: true

  /punycode.js@2.3.1:
    resolution: {integrity: sha512-uxFIHU0YlHYhDQtV4R9J6a52SLx28BCjT+4ieh7IGbgwVJWO+km431c4yRlREUAsAmt/uMjQUyQHNEPf0M39CA==}
    engines: {node: '>=6'}
    dev: true

  /uc.micro@2.0.0:
    resolution: {integrity: sha512-DffL94LsNOccVn4hyfRe5rdKa273swqeA5DJpMOeFmEn1wCDc7nAbbB0gXlgBCL7TNzeTv6G7XVWzan7iJtfig==}
    dev: true
